
Microsoft Visual Studio Solution File, Format Version 12.00
# Visual Studio Version 17
VisualStudioVersion = 17.7.34031.279
MinimumVisualStudioVersion = 10.0.40219.1
Project("{FAE04EC0-301F-11D3-BF4B-00C04F79EFBC}") = "net-calculator-tester", "net-calculator-tester\net-calculator-tester.csproj", "{4697E8F6-D362-44F6-B589-85F8CC92E0B3}"
EndProject
Project("{FAE04EC0-301F-11D3-BF4B-00C04F79EFBC}") = "calculator-app", "calculator-app\calculator-app.csproj", "{AAAD340D-6EF8-49D0-9641-3D16163174E7}"
EndProject
Global
	GlobalSection(SolutionConfigurationPlatforms) = preSolution
		Debug|Any CPU = Debug|Any CPU
		Release|Any CPU = Release|Any CPU
	EndGlobalSection
	GlobalSection(ProjectConfigurationPlatforms) = postSolution
		{4697E8F6-D362-44F6-B589-85F8CC92E0B3}.Debug|Any CPU.ActiveCfg = Debug|Any CPU
		{4697E8F6-D362-44F6-B589-85F8CC92E0B3}.Debug|Any CPU.Build.0 = Debug|Any CPU
		{4697E8F6-D362-44F6-B589-85F8CC92E0B3}.Release|Any CPU.ActiveCfg = Release|Any CPU
		{4697E8F6-D362-44F6-B589-85F8CC92E0B3}.Release|Any CPU.Build.0 = Release|Any CPU
		{AAAD340D-6EF8-49D0-9641-3D16163174E7}.Debug|Any CPU.ActiveCfg = Debug|Any CPU
		{AAAD340D-6EF8-49D0-9641-3D16163174E7}.Debug|Any CPU.Build.0 = Debug|Any CPU
		{AAAD340D-6EF8-49D0-9641-3D16163174E7}.Release|Any CPU.ActiveCfg = Release|Any CPU
		{AAAD340D-6EF8-49D0-9641-3D16163174E7}.Release|Any CPU.Build.0 = Release|Any CPU
	EndGlobalSection
	GlobalSection(SolutionProperties) = preSolution
		HideSolutionNode = FALSE
	EndGlobalSection
	GlobalSection(ExtensibilityGlobals) = postSolution
		SolutionGuid = {F9505B15-42AB-452F-AE97-119EF9DA7319}
	EndGlobalSection
EndGlobal
